
Microsoft Visual Studio Solution File, Format Version 12.00
# Visual Studio Version 17
VisualStudioVersion = 17.3.32819.101
MinimumVisualStudioVersion = 10.0.40219.1
Project("{FAE04EC0-301F-11D3-BF4B-00C04F79EFBC}") = "aulasGamaClases", "aulasGamaClases\aulasGamaClases.csproj", "{C944A7D7-FF4C-441C-B18A-EB1E912E2525}"
EndProject
Global
	GlobalSection(SolutionConfigurationPlatforms) = preSolution
		Debug|Any CPU = Debug|Any CPU
		Release|Any CPU = Release|Any CPU
	EndGlobalSection
	GlobalSection(ProjectConfigurationPlatforms) = postSolution
		{C944A7D7-FF4C-441C-B18A-EB1E912E2525}.Debug|Any CPU.ActiveCfg = Debug|Any CPU
		{C944A7D7-FF4C-441C-B18A-EB1E912E2525}.Debug|Any CPU.Build.0 = Debug|Any CPU
		{C944A7D7-FF4C-441C-B18A-EB1E912E2525}.Release|Any CPU.ActiveCfg = Release|Any CPU
		{C944A7D7-FF4C-441C-B18A-EB1E912E2525}.Release|Any CPU.Build.0 = Release|Any CPU
	EndGlobalSection
	GlobalSection(SolutionProperties) = preSolution
		HideSolutionNode = FALSE
	EndGlobalSection
	GlobalSection(ExtensibilityGlobals) = postSolution
		SolutionGuid = {E58E76F3-CA60-4945-B67D-B9DBA76F2657}
	EndGlobalSection
EndGlobal
